
Microsoft Visual Studio Solution File, Format Version 11.00
# Visual Studio 2010
Project("{8BC9CEB8-8B4A-11D0-8D11-00A0C91BC942}") = "Devinettes", "Devinettes\Devinettes.vcxproj", "{1795A91F-A2C3-4438-8E84-054F072E6232}"
EndProject
Global
	GlobalSection(SolutionConfigurationPlatforms) = preSolution
		Debug|Win32 = Debug|Win32
		Release|Win32 = Release|Win32
	EndGlobalSection
	GlobalSection(ProjectConfigurationPlatforms) = postSolution
		{1795A91F-A2C3-4438-8E84-054F072E6232}.Debug|Win32.ActiveCfg = Debug|Win32
		{1795A91F-A2C3-4438-8E84-054F072E6232}.Debug|Win32.Build.0 = Debug|Win32
		{1795A91F-A2C3-4438-8E84-054F072E6232}.Release|Win32.ActiveCfg = Release|Win32
		{1795A91F-A2C3-4438-8E84-054F072E6232}.Release|Win32.Build.0 = Release|Win32
	EndGlobalSection
	GlobalSection(SolutionProperties) = preSolution
		HideSolutionNode = FALSE
	EndGlobalSection
EndGlobal
